
Microsoft Visual Studio Solution File, Format Version 12.00
# Visual Studio Version 17
VisualStudioVersion = 17.3.32825.248
MinimumVisualStudioVersion = 10.0.40219.1
Project("{FAE04EC0-301F-11D3-BF4B-00C04F79EFBC}") = "ApplicationProjectSimple", "EditCode\ApplicationProjectSimple.csproj", "{CCBD1D4B-F74B-45A9-84BF-8968AE59D088}"
EndProject
Global
	GlobalSection(SolutionConfigurationPlatforms) = preSolution
		Debug|Any CPU = Debug|Any CPU
		Release|Any CPU = Release|Any CPU
	EndGlobalSection
	GlobalSection(ProjectConfigurationPlatforms) = postSolution
		{CCBD1D4B-F74B-45A9-84BF-8968AE59D088}.Debug|Any CPU.ActiveCfg = Debug|Any CPU
		{CCBD1D4B-F74B-45A9-84BF-8968AE59D088}.Debug|Any CPU.Build.0 = Debug|Any CPU
		{CCBD1D4B-F74B-45A9-84BF-8968AE59D088}.Release|Any CPU.ActiveCfg = Release|Any CPU
		{CCBD1D4B-F74B-45A9-84BF-8968AE59D088}.Release|Any CPU.Build.0 = Release|Any CPU
	EndGlobalSection
	GlobalSection(SolutionProperties) = preSolution
		HideSolutionNode = FALSE
	EndGlobalSection
	GlobalSection(ExtensibilityGlobals) = postSolution
		SolutionGuid = {3596B205-FC91-4C7E-AF79-45717A729279}
	EndGlobalSection
EndGlobal
